
Microsoft Visual Studio Solution File, Format Version 12.00
# Visual Studio Version 17
VisualStudioVersion = 17.0.31903.59
MinimumVisualStudioVersion = 10.0.40219.1
Project("{2150E333-8FDC-42A3-9474-1A3956D46DE8}") = "src", "src", "{4F0870F7-9645-4075-B284-8EF61BA33656}"
EndProject
Project("{FAE04EC0-301F-11D3-BF4B-00C04F79EFBC}") = "AcademicApp.API", "src\AcademicApp.API\AcademicApp.API.csproj", "{8F65BDD6-2490-44EE-BFFC-2BA4263CD8E4}"
EndProject
Project("{FAE04EC0-301F-11D3-BF4B-00C04F79EFBC}") = "AcademicApp.Domain", "src\AcademicApp.Domain\AcademicApp.Domain.csproj", "{9EEC4502-0256-4156-8220-425A35D1AF9C}"
EndProject
Project("{FAE04EC0-301F-11D3-BF4B-00C04F79EFBC}") = "AcademicApp.Infra", "src\AcademicApp.Infra\AcademicApp.Infra.csproj", "{E59948F4-8B83-4AC2-9C66-A7B50E433FEC}"
EndProject
Project("{FAE04EC0-301F-11D3-BF4B-00C04F79EFBC}") = "AcademicApp.Tests", "src\AcademicApp.Tests\AcademicApp.Tests.csproj", "{F7D7B511-38B2-409E-BA1C-8E0BA661174A}"
EndProject
Global
	GlobalSection(SolutionConfigurationPlatforms) = preSolution
		Debug|Any CPU = Debug|Any CPU
		Release|Any CPU = Release|Any CPU
	EndGlobalSection
	GlobalSection(SolutionProperties) = preSolution
		HideSolutionNode = FALSE
	EndGlobalSection
	GlobalSection(ProjectConfigurationPlatforms) = postSolution
		{8F65BDD6-2490-44EE-BFFC-2BA4263CD8E4}.Debug|Any CPU.ActiveCfg = Debug|Any CPU
		{8F65BDD6-2490-44EE-BFFC-2BA4263CD8E4}.Debug|Any CPU.Build.0 = Debug|Any CPU
		{8F65BDD6-2490-44EE-BFFC-2BA4263CD8E4}.Release|Any CPU.ActiveCfg = Release|Any CPU
		{8F65BDD6-2490-44EE-BFFC-2BA4263CD8E4}.Release|Any CPU.Build.0 = Release|Any CPU
		{9EEC4502-0256-4156-8220-425A35D1AF9C}.Debug|Any CPU.ActiveCfg = Debug|Any CPU
		{9EEC4502-0256-4156-8220-425A35D1AF9C}.Debug|Any CPU.Build.0 = Debug|Any CPU
		{9EEC4502-0256-4156-8220-425A35D1AF9C}.Release|Any CPU.ActiveCfg = Release|Any CPU
		{9EEC4502-0256-4156-8220-425A35D1AF9C}.Release|Any CPU.Build.0 = Release|Any CPU
		{E59948F4-8B83-4AC2-9C66-A7B50E433FEC}.Debug|Any CPU.ActiveCfg = Debug|Any CPU
		{E59948F4-8B83-4AC2-9C66-A7B50E433FEC}.Debug|Any CPU.Build.0 = Debug|Any CPU
		{E59948F4-8B83-4AC2-9C66-A7B50E433FEC}.Release|Any CPU.ActiveCfg = Release|Any CPU
		{E59948F4-8B83-4AC2-9C66-A7B50E433FEC}.Release|Any CPU.Build.0 = Release|Any CPU
		{F7D7B511-38B2-409E-BA1C-8E0BA661174A}.Debug|Any CPU.ActiveCfg = Debug|Any CPU
		{F7D7B511-38B2-409E-BA1C-8E0BA661174A}.Debug|Any CPU.Build.0 = Debug|Any CPU
		{F7D7B511-38B2-409E-BA1C-8E0BA661174A}.Release|Any CPU.ActiveCfg = Release|Any CPU
		{F7D7B511-38B2-409E-BA1C-8E0BA661174A}.Release|Any CPU.Build.0 = Release|Any CPU
	EndGlobalSection
	GlobalSection(NestedProjects) = preSolution
		{8F65BDD6-2490-44EE-BFFC-2BA4263CD8E4} = {4F0870F7-9645-4075-B284-8EF61BA33656}
		{9EEC4502-0256-4156-8220-425A35D1AF9C} = {4F0870F7-9645-4075-B284-8EF61BA33656}
		{E59948F4-8B83-4AC2-9C66-A7B50E433FEC} = {4F0870F7-9645-4075-B284-8EF61BA33656}
		{F7D7B511-38B2-409E-BA1C-8E0BA661174A} = {4F0870F7-9645-4075-B284-8EF61BA33656}
	EndGlobalSection
EndGlobal
